
Microsoft Visual Studio Solution File, Format Version 12.00
# Visual Studio 14
VisualStudioVersion = 14.0.23107.0
MinimumVisualStudioVersion = 10.0.40219.1
Project("{2150E333-8FDC-42A3-9474-1A3956D46DE8}") = ".paket", ".paket", "{63F50D89-967E-4D87-A4F0-563039ECA939}"
	ProjectSection(SolutionItems) = preProject
		paket.dependencies = paket.dependencies
	EndProjectSection
EndProject
Project("{2150E333-8FDC-42A3-9474-1A3956D46DE8}") = "Solution Items", "Solution Items", "{5988D1E7-0A6D-44E7-B252-3386E3C419F8}"
EndProject
Project("{FAE04EC0-301F-11D3-BF4B-00C04F79EFBC}") = "WebApplicationPoC", "WebApplicationPoC\WebApplicationPoC.csproj", "{9E6DD299-B0F9-456B-9C80-8DFBFE7A850C}"
EndProject
Global
	GlobalSection(SolutionConfigurationPlatforms) = preSolution
		Debug|Any CPU = Debug|Any CPU
		Release|Any CPU = Release|Any CPU
	EndGlobalSection
	GlobalSection(ProjectConfigurationPlatforms) = postSolution
		{9E6DD299-B0F9-456B-9C80-8DFBFE7A850C}.Debug|Any CPU.ActiveCfg = Debug|Any CPU
		{9E6DD299-B0F9-456B-9C80-8DFBFE7A850C}.Debug|Any CPU.Build.0 = Debug|Any CPU
		{9E6DD299-B0F9-456B-9C80-8DFBFE7A850C}.Release|Any CPU.ActiveCfg = Release|Any CPU
		{9E6DD299-B0F9-456B-9C80-8DFBFE7A850C}.Release|Any CPU.Build.0 = Release|Any CPU
	EndGlobalSection
	GlobalSection(SolutionProperties) = preSolution
		HideSolutionNode = FALSE
	EndGlobalSection
EndGlobal
